
Microsoft Visual Studio Solution File, Format Version 12.00
# Visual Studio Version 17
VisualStudioVersion = 17.5.33424.131
MinimumVisualStudioVersion = 10.0.40219.1
Project("{FAE04EC0-301F-11D3-BF4B-00C04F79EFBC}") = "Villa_Apartments", "Villa_Apartments\Villa_Apartments.csproj", "{88DE1C9F-5EB6-43D1-AEF1-17A460B1A09E}"
EndProject
Project("{FAE04EC0-301F-11D3-BF4B-00C04F79EFBC}") = "Data.Model", "Data.Model\Data.Model.csproj", "{1107FF01-0A21-4634-A4BA-B1E603C004A6}"
EndProject
Project("{FAE04EC0-301F-11D3-BF4B-00C04F79EFBC}") = "Data.Access", "Data.Access\Data.Access.csproj", "{6E377DB6-0B2A-498A-BC04-BB6744F07D1E}"
EndProject
Global
	GlobalSection(SolutionConfigurationPlatforms) = preSolution
		Debug|Any CPU = Debug|Any CPU
		Release|Any CPU = Release|Any CPU
	EndGlobalSection
	GlobalSection(ProjectConfigurationPlatforms) = postSolution
		{88DE1C9F-5EB6-43D1-AEF1-17A460B1A09E}.Debug|Any CPU.ActiveCfg = Debug|Any CPU
		{88DE1C9F-5EB6-43D1-AEF1-17A460B1A09E}.Debug|Any CPU.Build.0 = Debug|Any CPU
		{88DE1C9F-5EB6-43D1-AEF1-17A460B1A09E}.Release|Any CPU.ActiveCfg = Release|Any CPU
		{88DE1C9F-5EB6-43D1-AEF1-17A460B1A09E}.Release|Any CPU.Build.0 = Release|Any CPU
		{1107FF01-0A21-4634-A4BA-B1E603C004A6}.Debug|Any CPU.ActiveCfg = Debug|Any CPU
		{1107FF01-0A21-4634-A4BA-B1E603C004A6}.Debug|Any CPU.Build.0 = Debug|Any CPU
		{1107FF01-0A21-4634-A4BA-B1E603C004A6}.Release|Any CPU.ActiveCfg = Release|Any CPU
		{1107FF01-0A21-4634-A4BA-B1E603C004A6}.Release|Any CPU.Build.0 = Release|Any CPU
		{6E377DB6-0B2A-498A-BC04-BB6744F07D1E}.Debug|Any CPU.ActiveCfg = Debug|Any CPU
		{6E377DB6-0B2A-498A-BC04-BB6744F07D1E}.Debug|Any CPU.Build.0 = Debug|Any CPU
		{6E377DB6-0B2A-498A-BC04-BB6744F07D1E}.Release|Any CPU.ActiveCfg = Release|Any CPU
		{6E377DB6-0B2A-498A-BC04-BB6744F07D1E}.Release|Any CPU.Build.0 = Release|Any CPU
	EndGlobalSection
	GlobalSection(SolutionProperties) = preSolution
		HideSolutionNode = FALSE
	EndGlobalSection
	GlobalSection(ExtensibilityGlobals) = postSolution
		SolutionGuid = {92B15CAB-7A78-45AF-8782-41DC9EA72625}
	EndGlobalSection
EndGlobal
